
Microsoft Visual Studio Solution File, Format Version 12.00
# Visual Studio Version 17
VisualStudioVersion = 17.4.33103.184
MinimumVisualStudioVersion = 10.0.40219.1
Project("{FAE04EC0-301F-11D3-BF4B-00C04F79EFBC}") = "ProjektInzynieria", "ProjektInzynieria\ProjektInzynieria.csproj", "{BF2DE8D2-B765-419D-96B7-D6E8D26AD5F1}"
EndProject
Global
	GlobalSection(SolutionConfigurationPlatforms) = preSolution
		Debug|Any CPU = Debug|Any CPU
		Release|Any CPU = Release|Any CPU
	EndGlobalSection
	GlobalSection(ProjectConfigurationPlatforms) = postSolution
		{BF2DE8D2-B765-419D-96B7-D6E8D26AD5F1}.Debug|Any CPU.ActiveCfg = Debug|Any CPU
		{BF2DE8D2-B765-419D-96B7-D6E8D26AD5F1}.Debug|Any CPU.Build.0 = Debug|Any CPU
		{BF2DE8D2-B765-419D-96B7-D6E8D26AD5F1}.Release|Any CPU.ActiveCfg = Release|Any CPU
		{BF2DE8D2-B765-419D-96B7-D6E8D26AD5F1}.Release|Any CPU.Build.0 = Release|Any CPU
	EndGlobalSection
	GlobalSection(SolutionProperties) = preSolution
		HideSolutionNode = FALSE
	EndGlobalSection
	GlobalSection(ExtensibilityGlobals) = postSolution
		SolutionGuid = {4F08CFB0-5A4B-48EA-9FA4-E646B589CA9F}
	EndGlobalSection
EndGlobal
